{
  "name": "providence-engine",
  "version": "1.0.0",
  "dependencies": {
    "argparse": {
      "version": "1.0.9",
      "from": "argparse@>=1.0.7 <2.0.0",
      "resolved": "https://registry.npmjs.org/argparse/-/argparse-1.0.9.tgz"
    },
    "async": {
      "version": "2.1.2",
      "from": "async@latest",
      "resolved": "https://registry.npmjs.org/async/-/async-2.1.2.tgz"
    },
    "balanced-match": {
      "version": "0.4.2",
      "from": "balanced-match@>=0.4.1 <0.5.0",
      "resolved": "https://registry.npmjs.org/balanced-match/-/balanced-match-0.4.2.tgz"
    },
    "bl": {
      "version": "1.1.2",
      "from": "bl@>=1.0.0 <2.0.0",
      "resolved": "https://registry.npmjs.org/bl/-/bl-1.1.2.tgz",
      "dependencies": {
        "isarray": {
          "version": "1.0.0",
          "from": "isarray@>=1.0.0 <1.1.0",
          "resolved": "https://registry.npmjs.org/isarray/-/isarray-1.0.0.tgz"
        },
        "readable-stream": {
          "version": "2.0.6",
          "from": "readable-stream@>=2.0.5 <2.1.0",
          "resolved": "https://registry.npmjs.org/readable-stream/-/readable-stream-2.0.6.tgz"
        }
      }
    },
    "brace-expansion": {
      "version": "1.1.6",
      "from": "brace-expansion@>=1.0.0 <2.0.0",
      "resolved": "https://registry.npmjs.org/brace-expansion/-/brace-expansion-1.1.6.tgz"
    },
    "buffer-shims": {
      "version": "1.0.0",
      "from": "buffer-shims@>=1.0.0 <2.0.0",
      "resolved": "https://registry.npmjs.org/buffer-shims/-/buffer-shims-1.0.0.tgz"
    },
    "concat-map": {
      "version": "0.0.1",
      "from": "concat-map@0.0.1",
      "resolved": "https://registry.npmjs.org/concat-map/-/concat-map-0.0.1.tgz"
    },
    "core-util-is": {
      "version": "1.0.2",
      "from": "core-util-is@>=1.0.0 <1.1.0",
      "resolved": "https://registry.npmjs.org/core-util-is/-/core-util-is-1.0.2.tgz"
    },
    "debug": {
      "version": "0.7.4",
      "from": "debug@>=0.7.4 <0.8.0",
      "resolved": "https://registry.npmjs.org/debug/-/debug-0.7.4.tgz"
    },
    "docker-modem": {
      "version": "0.3.1",
      "from": "docker-modem@>=0.3.0 <0.4.0",
      "resolved": "https://registry.npmjs.org/docker-modem/-/docker-modem-0.3.1.tgz"
    },
    "dockerode": {
      "version": "2.3.1",
      "from": "dockerode@latest",
      "resolved": "https://registry.npmjs.org/dockerode/-/dockerode-2.3.1.tgz"
    },
    "end-of-stream": {
      "version": "1.1.0",
      "from": "end-of-stream@>=1.1.0 <2.0.0",
      "resolved": "https://registry.npmjs.org/end-of-stream/-/end-of-stream-1.1.0.tgz",
      "dependencies": {
        "once": {
          "version": "1.3.3",
          "from": "once@>=1.3.0 <1.4.0",
          "resolved": "https://registry.npmjs.org/once/-/once-1.3.3.tgz"
        }
      }
    },
    "follow-redirects": {
      "version": "0.0.3",
      "from": "follow-redirects@0.0.3",
      "resolved": "https://registry.npmjs.org/follow-redirects/-/follow-redirects-0.0.3.tgz"
    },
    "fs": {
      "version": "0.0.1-security",
      "from": "fs@latest",
      "resolved": "https://registry.npmjs.org/fs/-/fs-0.0.1-security.tgz"
    },
    "fs.realpath": {
      "version": "1.0.0",
      "from": "fs.realpath@>=1.0.0 <2.0.0",
      "resolved": "https://registry.npmjs.org/fs.realpath/-/fs.realpath-1.0.0.tgz"
    },
    "glob": {
      "version": "7.1.1",
      "from": "glob@>=7.0.5 <8.0.0",
      "resolved": "https://registry.npmjs.org/glob/-/glob-7.1.1.tgz"
    },
    "inflight": {
      "version": "1.0.6",
      "from": "inflight@>=1.0.4 <2.0.0",
      "resolved": "https://registry.npmjs.org/inflight/-/inflight-1.0.6.tgz"
    },
    "inherits": {
      "version": "2.0.3",
      "from": "inherits@>=2.0.0 <3.0.0",
      "resolved": "https://registry.npmjs.org/inherits/-/inherits-2.0.3.tgz"
    },
    "isarray": {
      "version": "0.0.1",
      "from": "isarray@0.0.1",
      "resolved": "https://registry.npmjs.org/isarray/-/isarray-0.0.1.tgz"
    },
    "jsonparse": {
      "version": "0.0.5",
      "from": "jsonparse@0.0.5",
      "resolved": "https://registry.npmjs.org/jsonparse/-/jsonparse-0.0.5.tgz"
    },
    "JSONStream": {
      "version": "0.10.0",
      "from": "JSONStream@0.10.0",
      "resolved": "https://registry.npmjs.org/JSONStream/-/JSONStream-0.10.0.tgz"
    },
    "lodash": {
      "version": "4.16.4",
      "from": "lodash@>=4.14.0 <5.0.0",
      "resolved": "https://registry.npmjs.org/lodash/-/lodash-4.16.4.tgz"
    },
    "minimatch": {
      "version": "3.0.3",
      "from": "minimatch@>=3.0.2 <4.0.0",
      "resolved": "https://registry.npmjs.org/minimatch/-/minimatch-3.0.3.tgz"
    },
    "minimist": {
      "version": "0.0.8",
      "from": "minimist@0.0.8",
      "resolved": "https://registry.npmjs.org/minimist/-/minimist-0.0.8.tgz"
    },
    "mkdirp": {
      "version": "0.5.1",
      "from": "mkdirp@latest",
      "resolved": "https://registry.npmjs.org/mkdirp/-/mkdirp-0.5.1.tgz"
    },
    "nats": {
      "version": "0.6.4",
      "from": "nats@latest",
      "resolved": "https://registry.npmjs.org/nats/-/nats-0.6.4.tgz"
    },
    "once": {
      "version": "1.4.0",
      "from": "once@>=1.3.0 <2.0.0",
      "resolved": "https://registry.npmjs.org/once/-/once-1.4.0.tgz"
    },
    "path-is-absolute": {
      "version": "1.0.1",
      "from": "path-is-absolute@>=1.0.0 <2.0.0",
      "resolved": "https://registry.npmjs.org/path-is-absolute/-/path-is-absolute-1.0.1.tgz"
    },
    "process-nextick-args": {
      "version": "1.0.7",
      "from": "process-nextick-args@>=1.0.6 <1.1.0",
      "resolved": "https://registry.npmjs.org/process-nextick-args/-/process-nextick-args-1.0.7.tgz"
    },
    "pump": {
      "version": "1.0.1",
      "from": "pump@>=1.0.0 <2.0.0",
      "resolved": "https://registry.npmjs.org/pump/-/pump-1.0.1.tgz"
    },
    "readable-stream": {
      "version": "1.0.34",
      "from": "readable-stream@>=1.0.26-4 <1.1.0",
      "resolved": "https://registry.npmjs.org/readable-stream/-/readable-stream-1.0.34.tgz"
    },
    "split-ca": {
      "version": "1.0.1",
      "from": "split-ca@>=1.0.0 <2.0.0",
      "resolved": "https://registry.npmjs.org/split-ca/-/split-ca-1.0.1.tgz"
    },
    "sprintf-js": {
      "version": "1.0.3",
      "from": "sprintf-js@>=1.0.2 <1.1.0",
      "resolved": "https://registry.npmjs.org/sprintf-js/-/sprintf-js-1.0.3.tgz"
    },
    "string_decoder": {
      "version": "0.10.31",
      "from": "string_decoder@>=0.10.0 <0.11.0",
      "resolved": "https://registry.npmjs.org/string_decoder/-/string_decoder-0.10.31.tgz"
    },
    "tar-fs": {
      "version": "1.14.0",
      "from": "tar-fs@latest",
      "resolved": "https://registry.npmjs.org/tar-fs/-/tar-fs-1.14.0.tgz"
    },
    "tar-stream": {
      "version": "1.5.2",
      "from": "tar-stream@>=1.1.2 <2.0.0",
      "resolved": "https://registry.npmjs.org/tar-stream/-/tar-stream-1.5.2.tgz",
      "dependencies": {
        "isarray": {
          "version": "1.0.0",
          "from": "isarray@~1.0.0",
          "resolved": "https://registry.npmjs.org/isarray/-/isarray-1.0.0.tgz"
        },
        "readable-stream": {
          "version": "2.1.5",
          "from": "readable-stream@>=2.0.0 <3.0.0",
          "resolved": "https://registry.npmjs.org/readable-stream/-/readable-stream-2.1.5.tgz"
        }
      }
    },
    "through": {
      "version": "2.3.8",
      "from": "through@>=2.2.7 <3.0.0",
      "resolved": "https://registry.npmjs.org/through/-/through-2.3.8.tgz"
    },
    "underscore": {
      "version": "1.8.3",
      "from": "underscore@latest",
      "resolved": "https://registry.npmjs.org/underscore/-/underscore-1.8.3.tgz"
    },
    "util-deprecate": {
      "version": "1.0.2",
      "from": "util-deprecate@>=1.0.1 <1.1.0",
      "resolved": "https://registry.npmjs.org/util-deprecate/-/util-deprecate-1.0.2.tgz"
    },
    "wrappy": {
      "version": "1.0.2",
      "from": "wrappy@>=1.0.0 <2.0.0",
      "resolved": "https://registry.npmjs.org/wrappy/-/wrappy-1.0.2.tgz"
    },
    "xtend": {
      "version": "4.0.1",
      "from": "xtend@>=4.0.0 <5.0.0",
      "resolved": "https://registry.npmjs.org/xtend/-/xtend-4.0.1.tgz"
    },
    "yamljs": {
      "version": "0.2.8",
      "from": "https://registry.npmjs.org/yamljs/-/yamljs-0.2.8.tgz",
      "resolved": "https://registry.npmjs.org/yamljs/-/yamljs-0.2.8.tgz"
    }
  }
}
